
Microsoft Visual Studio Solution File, Format Version 12.00
# Visual Studio 15
VisualStudioVersion = 15.0.28307.329
MinimumVisualStudioVersion = 10.0.40219.1
Project("{151D2E53-A2C4-4D7D-83FE-D05416EBD58E}") = "AzureWafTemplate", "src\AzureWafTemplate\AzureWafTemplate.deployproj", "{F7BF853A-427F-4F52-817F-707FC1F140C4}"
EndProject
Global
	GlobalSection(SolutionConfigurationPlatforms) = preSolution
		Debug|Any CPU = Debug|Any CPU
		Release|Any CPU = Release|Any CPU
	EndGlobalSection
	GlobalSection(ProjectConfigurationPlatforms) = postSolution
		{F7BF853A-427F-4F52-817F-707FC1F140C4}.Debug|Any CPU.ActiveCfg = Debug|Any CPU
		{F7BF853A-427F-4F52-817F-707FC1F140C4}.Debug|Any CPU.Build.0 = Debug|Any CPU
		{F7BF853A-427F-4F52-817F-707FC1F140C4}.Release|Any CPU.ActiveCfg = Release|Any CPU
		{F7BF853A-427F-4F52-817F-707FC1F140C4}.Release|Any CPU.Build.0 = Release|Any CPU
	EndGlobalSection
	GlobalSection(SolutionProperties) = preSolution
		HideSolutionNode = FALSE
	EndGlobalSection
	GlobalSection(ExtensibilityGlobals) = postSolution
		SolutionGuid = {C640427C-7BF5-479E-967C-A5B71C101D3D}
	EndGlobalSection
EndGlobal
